
Microsoft Visual Studio Solution File, Format Version 12.00
# Visual Studio 15
Project("{FAE04EC0-301F-11D3-BF4B-00C04F79EFBC}") = "CommunityCommentsMVC", "CommunityCommentsMVC\CommunityCommentsMVC.csproj", "{2BCE0960-888F-4C8C-AD21-FC493071BB54}"
EndProject
Project("{2150E333-8FDC-42A3-9474-1A3956D46DE8}") = "Solution Items", "Solution Items", "{FDCAD84A-81C8-4F11-B931-08EE6BF9E808}"
	ProjectSection(SolutionItems) = preProject
		.editorconfig = .editorconfig
	EndProjectSection
EndProject
Global
	GlobalSection(SolutionConfigurationPlatforms) = preSolution
		Debug|Any CPU = Debug|Any CPU
		Release|Any CPU = Release|Any CPU
	EndGlobalSection
	GlobalSection(ProjectConfigurationPlatforms) = postSolution
		{2BCE0960-888F-4C8C-AD21-FC493071BB54}.Debug|Any CPU.ActiveCfg = Debug|Any CPU
		{2BCE0960-888F-4C8C-AD21-FC493071BB54}.Debug|Any CPU.Build.0 = Debug|Any CPU
		{2BCE0960-888F-4C8C-AD21-FC493071BB54}.Release|Any CPU.ActiveCfg = Release|Any CPU
		{2BCE0960-888F-4C8C-AD21-FC493071BB54}.Release|Any CPU.Build.0 = Release|Any CPU
	EndGlobalSection
EndGlobal
